# DO NOT EDIT MANUALLY - Managed by Fern Replay
version: "1.0"
generations:
  - commit_sha: 9fdb3e8cf8d9bf5c693b284b38cb593c4c5c0d99
    tree_hash: 9585428c12e90db24519a4f6d8df9df0770661e4
    timestamp: 2026-09-17T08:47:25.318Z
    cli_version: unknown
    generator_versions: {}
  - commit_sha: 575413d0e05b267ac0de61c044af1ae06cc409f4
    tree_hash: 268191d12a3658e1131b1f2a66144937fdf2b84f
    timestamp: 2026-09-17T08:47:25.632Z
    cli_version: unknown
    generator_versions:
      fernapi/fern-python-sdk: 5.30.2
current_generation: 575413d0e05b267ac0de61c044af1ae06cc409f4
patches: []
