# DO NOT EDIT MANUALLY - Managed by Fern Replay
version: "1.0"
generations:
  - commit_sha: 5f0d30586d75dd49e725ba77ce13b437181153c4
    tree_hash: cb67b5d37be130311979517c47709e4b14f40359
    timestamp: 2026-09-16T07:37:12.684Z
    cli_version: unknown
    generator_versions: {}
  - commit_sha: e141787c6b28857bd77be0c2471804b78c4f0860
    tree_hash: 0fed1757c68a7cfffbb058e6400e6090e5095c4a
    timestamp: 2026-09-16T07:37:13.004Z
    cli_version: unknown
    generator_versions:
      fernapi/fern-python-sdk: 5.30.2
current_generation: e141787c6b28857bd77be0c2471804b78c4f0860
patches: []
